<?xml version="1.0" encoding="utf-8"?>
<Project ToolsVersion="4.0" xmlns="http://schemas.microsoft.com/developer/msbuild/2003">
  <ItemGroup>
    <Filter Include="Header Files">
      <UniqueIdentifier>{93995380-89BD-4b04-88EB-625FBE52EBFB}</UniqueIdentifier>
      <Extensions>h;hpp;hxx;hm;inl;inc;xsd</Extensions>
    </Filter>
    <Filter Include="Source Files">
      <UniqueIdentifier>{4FC737F1-C7A5-4376-A066-2A32D752A2FF}</UniqueIdentifier>
      <Extensions>cpp;c;cxx;def;odl;idl;hpj;bat;asm;asmx</Extensions>
    </Filter>
  </ItemGroup>
  <ItemGroup>
    <ClCompile Include="dui_basic_object.cpp">
      <Filter>Source Files</Filter>
    </ClCompile>
    <ClCompile Include="dui_share_rect.cpp">
      <Filter>Source Files</Filter>
    </ClCompile>
  </ItemGroup>
  <ItemGroup>
    <ClInclude Include="dui.h">
      <Filter>Header Files</Filter>
    </ClInclude>
    <ClInclude Include="dui_basic.h">
      <Filter>Header Files</Filter>
    </ClInclude>
    <ClInclude Include="dui_basic_container.h">
      <Filter>Header Files</Filter>
    </ClInclude>
    <ClInclude Include="dui_basic_gfx.h">
      <Filter>Header Files</Filter>
    </ClInclude>
    <ClInclude Include="dui_basic_object.h">
      <Filter>Header Files</Filter>
    </ClInclude>
    <ClInclude Include="dui_basic_window.h">
      <Filter>Header Files</Filter>
    </ClInclude>
    <ClInclude Include="dui_const.h">
      <Filter>Header Files</Filter>
    </ClInclude>
    <ClInclude Include="dui_control.h">
      <Filter>Header Files</Filter>
    </ClInclude>
    <ClInclude Include="dui_control_clickable.h">
      <Filter>Header Files</Filter>
    </ClInclude>
    <ClInclude Include="dui_graphics.h">
      <Filter>Header Files</Filter>
    </ClInclude>
    <ClInclude Include="dui_menu.h">
      <Filter>Header Files</Filter>
    </ClInclude>
    <ClInclude Include="dui_server.h">
      <Filter>Header Files</Filter>
    </ClInclude>
    <ClInclude Include="dui_share.h">
      <Filter>Header Files</Filter>
    </ClInclude>
    <ClInclude Include="dui_share_point.h">
      <Filter>Header Files</Filter>
    </ClInclude>
    <ClInclude Include="dui_share_rect.h">
      <Filter>Header Files</Filter>
    </ClInclude>
    <ClInclude Include="dui_system.h">
      <Filter>Header Files</Filter>
    </ClInclude>
    <ClInclude Include="dui_system_mouse.h">
      <Filter>Header Files</Filter>
    </ClInclude>
    <ClInclude Include="dui_system_tooltip.h">
      <Filter>Header Files</Filter>
    </ClInclude>
  </ItemGroup>
  <ItemGroup>
    <None Include="History.txt" />
  </ItemGroup>
</Project>